
Microsoft Visual Studio Solution File, Format Version 12.00
# Visual Studio Version 17
VisualStudioVersion = 17.2.32516.85
MinimumVisualStudioVersion = 10.0.40219.1
Project("{FAE04EC0-301F-11D3-BF4B-00C04F79EFBC}") = "MouseTest", "MouseTest.csproj", "{7E2329E5-CC52-43C2-AE8E-3AA0BA9C6F20}"
EndProject
Global
	GlobalSection(SolutionConfigurationPlatforms) = preSolution
		Debug|Any CPU = Debug|Any CPU
		Release|Any CPU = Release|Any CPU
	EndGlobalSection
	GlobalSection(ProjectConfigurationPlatforms) = postSolution
		{7E2329E5-CC52-43C2-AE8E-3AA0BA9C6F20}.Debug|Any CPU.ActiveCfg = Debug|Any CPU
		{7E2329E5-CC52-43C2-AE8E-3AA0BA9C6F20}.Debug|Any CPU.Build.0 = Debug|Any CPU
		{7E2329E5-CC52-43C2-AE8E-3AA0BA9C6F20}.Release|Any CPU.ActiveCfg = Release|Any CPU
		{7E2329E5-CC52-43C2-AE8E-3AA0BA9C6F20}.Release|Any CPU.Build.0 = Release|Any CPU
	EndGlobalSection
	GlobalSection(SolutionProperties) = preSolution
		HideSolutionNode = FALSE
	EndGlobalSection
	GlobalSection(ExtensibilityGlobals) = postSolution
		SolutionGuid = {6F512740-EE4A-4C74-AE22-3CD78E068C7E}
	EndGlobalSection
EndGlobal
